
Microsoft Visual Studio Solution File, Format Version 12.00
# Visual Studio Version 17
VisualStudioVersion = 17.4.33205.214
MinimumVisualStudioVersion = 10.0.40219.1
Project("{FAE04EC0-301F-11D3-BF4B-00C04F79EFBC}") = "SuperHero", "SuperHero\SuperHero.csproj", "{BEC0E890-03DE-45B3-B5EB-26742F8B8A98}"
EndProject
Global
	GlobalSection(SolutionConfigurationPlatforms) = preSolution
		Debug|Any CPU = Debug|Any CPU
		Release|Any CPU = Release|Any CPU
	EndGlobalSection
	GlobalSection(ProjectConfigurationPlatforms) = postSolution
		{BEC0E890-03DE-45B3-B5EB-26742F8B8A98}.Debug|Any CPU.ActiveCfg = Debug|Any CPU
		{BEC0E890-03DE-45B3-B5EB-26742F8B8A98}.Debug|Any CPU.Build.0 = Debug|Any CPU
		{BEC0E890-03DE-45B3-B5EB-26742F8B8A98}.Release|Any CPU.ActiveCfg = Release|Any CPU
		{BEC0E890-03DE-45B3-B5EB-26742F8B8A98}.Release|Any CPU.Build.0 = Release|Any CPU
	EndGlobalSection
	GlobalSection(SolutionProperties) = preSolution
		HideSolutionNode = FALSE
	EndGlobalSection
	GlobalSection(ExtensibilityGlobals) = postSolution
		SolutionGuid = {7959426D-84F6-42FC-A625-25FECBEC124F}
	EndGlobalSection
EndGlobal
